
Microsoft Visual Studio Solution File, Format Version 12.00
# Visual Studio 2013
VisualStudioVersion = 12.0.31101.0
MinimumVisualStudioVersion = 10.0.40219.1
Project("{FAE04EC0-301F-11D3-BF4B-00C04F79EFBC}") = "FeatureFlagger", "FeatureFlagger\FeatureFlagger.csproj", "{94AB9B20-2C65-46CF-81AB-87A556689515}"
EndProject
Project("{FAE04EC0-301F-11D3-BF4B-00C04F79EFBC}") = "FeatureFlagger.Tests", "FeatureFlagger.Tests\FeatureFlagger.Tests.csproj", "{3ED2F13E-4384-4B56-897B-CA8D2DC5D81B}"
EndProject
Project("{FAE04EC0-301F-11D3-BF4B-00C04F79EFBC}") = "FeatureFlagger.Example.Console", "FeatureFlagger.Example.Console\FeatureFlagger.Example.Console.csproj", "{5AEEB78E-2A8C-4A3C-B791-0E265F35BA39}"
EndProject
Project("{2150E333-8FDC-42A3-9474-1A3956D46DE8}") = "Solution Items", "Solution Items", "{80705188-61E3-4217-8242-1CD206CD152D}"
	ProjectSection(SolutionItems) = preProject
		FeatureFlagger.xsd = FeatureFlagger.xsd
		README.md = README.md
	EndProjectSection
EndProject
Project("{FAE04EC0-301F-11D3-BF4B-00C04F79EFBC}") = "FeatureFlagger.Behaviours", "FeatureFlagger.Behaviours\FeatureFlagger.Behaviours.csproj", "{16BEB681-311E-44A0-8BF9-E95A996F25BB}"
EndProject
Project("{FAE04EC0-301F-11D3-BF4B-00C04F79EFBC}") = "FeatureFlagger.ConfigurationReaders", "FeatureFlagger.ConfigurationReaders\FeatureFlagger.ConfigurationReaders.csproj", "{3BD4262E-51D4-4F29-BD07-3F51560E3B9C}"
EndProject
Project("{FAE04EC0-301F-11D3-BF4B-00C04F79EFBC}") = "FeatureFlagger.Domain", "FeatureFlagger.Domain\FeatureFlagger.Domain.csproj", "{87E475C1-6B3D-4F6D-A57F-47F3D40CE8FF}"
EndProject
Global
	GlobalSection(SolutionConfigurationPlatforms) = preSolution
		Debug|Any CPU = Debug|Any CPU
		Release|Any CPU = Release|Any CPU
	EndGlobalSection
	GlobalSection(ProjectConfigurationPlatforms) = postSolution
		{94AB9B20-2C65-46CF-81AB-87A556689515}.Debug|Any CPU.ActiveCfg = Debug|Any CPU
		{94AB9B20-2C65-46CF-81AB-87A556689515}.Debug|Any CPU.Build.0 = Debug|Any CPU
		{94AB9B20-2C65-46CF-81AB-87A556689515}.Release|Any CPU.ActiveCfg = Release|Any CPU
		{94AB9B20-2C65-46CF-81AB-87A556689515}.Release|Any CPU.Build.0 = Release|Any CPU
		{3ED2F13E-4384-4B56-897B-CA8D2DC5D81B}.Debug|Any CPU.ActiveCfg = Debug|Any CPU
		{3ED2F13E-4384-4B56-897B-CA8D2DC5D81B}.Debug|Any CPU.Build.0 = Debug|Any CPU
		{3ED2F13E-4384-4B56-897B-CA8D2DC5D81B}.Release|Any CPU.ActiveCfg = Release|Any CPU
		{3ED2F13E-4384-4B56-897B-CA8D2DC5D81B}.Release|Any CPU.Build.0 = Release|Any CPU
		{5AEEB78E-2A8C-4A3C-B791-0E265F35BA39}.Debug|Any CPU.ActiveCfg = Debug|Any CPU
		{5AEEB78E-2A8C-4A3C-B791-0E265F35BA39}.Debug|Any CPU.Build.0 = Debug|Any CPU
		{5AEEB78E-2A8C-4A3C-B791-0E265F35BA39}.Release|Any CPU.ActiveCfg = Release|Any CPU
		{5AEEB78E-2A8C-4A3C-B791-0E265F35BA39}.Release|Any CPU.Build.0 = Release|Any CPU
		{16BEB681-311E-44A0-8BF9-E95A996F25BB}.Debug|Any CPU.ActiveCfg = Debug|Any CPU
		{16BEB681-311E-44A0-8BF9-E95A996F25BB}.Debug|Any CPU.Build.0 = Debug|Any CPU
		{16BEB681-311E-44A0-8BF9-E95A996F25BB}.Release|Any CPU.ActiveCfg = Release|Any CPU
		{16BEB681-311E-44A0-8BF9-E95A996F25BB}.Release|Any CPU.Build.0 = Release|Any CPU
		{3BD4262E-51D4-4F29-BD07-3F51560E3B9C}.Debug|Any CPU.ActiveCfg = Debug|Any CPU
		{3BD4262E-51D4-4F29-BD07-3F51560E3B9C}.Debug|Any CPU.Build.0 = Debug|Any CPU
		{3BD4262E-51D4-4F29-BD07-3F51560E3B9C}.Release|Any CPU.ActiveCfg = Release|Any CPU
		{3BD4262E-51D4-4F29-BD07-3F51560E3B9C}.Release|Any CPU.Build.0 = Release|Any CPU
		{87E475C1-6B3D-4F6D-A57F-47F3D40CE8FF}.Debug|Any CPU.ActiveCfg = Debug|Any CPU
		{87E475C1-6B3D-4F6D-A57F-47F3D40CE8FF}.Debug|Any CPU.Build.0 = Debug|Any CPU
		{87E475C1-6B3D-4F6D-A57F-47F3D40CE8FF}.Release|Any CPU.ActiveCfg = Release|Any CPU
		{87E475C1-6B3D-4F6D-A57F-47F3D40CE8FF}.Release|Any CPU.Build.0 = Release|Any CPU
	EndGlobalSection
	GlobalSection(SolutionProperties) = preSolution
		HideSolutionNode = FALSE
	EndGlobalSection
EndGlobal
